{
  "name": "btc-heist",
  "version": "1.0.0",
  "lockfileVersion": 3,
  "requires": true,
  "packages": {
    "": {
      "name": "btc-heist",
      "version": "1.0.0",
      "license": "ISC",
      "dependencies": {
        "bip32": "^5.0.1",
        "bip39": "^3.1.0",
        "bitcoinjs-lib": "^7.0.1",
        "lmdb": "^3.5.4",
        "mersenne-twister": "^1.1.0",
        "nan": "^2.26.2",
        "split2": "^4.2.0",
        "tiny-secp256k1": "^2.2.4"
      }
    },
    "node_modules/@harperfast/extended-iterable": {
      "version": "1.0.3",
      "resolved": "https://registry.npmjs.org/@harperfast/extended-iterable/-/extended-iterable-1.0.3.tgz",
      "integrity": "sha512-sSAYhQca3rDWtQUHSAPeO7axFIUJOI6hn1gjRC5APVE1a90tuyT8f5WIgRsFhhWA7htNkju2veB9eWL6YHi/Lw==",
      "license": "Apache-2.0"
    },
    "node_modules/@lmdb/lmdb-darwin-arm64": {
      "version": "3.5.4",
      "resolved": "https://registry.npmjs.org/@lmdb/lmdb-darwin-arm64/-/lmdb-darwin-arm64-3.5.4.tgz",
      "integrity": "sha512-Kk4Kz3iyu1QiLsLZBS9Af1eSKUC8VR2T+/jyE2iAyuGw2VwK08pp5iTbZnXn6sWu0LogO/RFktMxOjiDA2sS3w==",
      "cpu": [
        "arm64"
      ],
      "license": "MIT",
      "optional": true,
      "os": [
        "darwin"
      ]
    },
    "node_modules/@lmdb/lmdb-darwin-x64": {
      "version": "3.5.4",
      "resolved": "https://registry.npmjs.org/@lmdb/lmdb-darwin-x64/-/lmdb-darwin-x64-3.5.4.tgz",
      "integrity": "sha512-BEe5Rp3trn26oxoXOVL5HVDoiYmjUDwr8NRPkBOdUdCSBEorKI+7JrZLRKAdxO+G6cGQLgseXk0gR7qIQa7aGw==",
      "cpu": [
        "x64"
      ],
      "license": "MIT",
      "optional": true,
      "os": [
        "darwin"
      ]
    },
    "node_modules/@lmdb/lmdb-linux-arm": {
      "version": "3.5.4",
      "resolved": "https://registry.npmjs.org/@lmdb/lmdb-linux-arm/-/lmdb-linux-arm-3.5.4.tgz",
      "integrity": "sha512-SGbFR7816uBcTHc2ZY4S6WyOkl9bICnzqTQd2Mv4V/j24cfds88xx2nC6cm/y8zGQL7Ds31YF/5NGxjgcdM5Hw==",
      "cpu": [
        "arm"
      ],
      "license": "MIT",
      "optional": true,
      "os": [
        "linux"
      ]
    },
    "node_modules/@lmdb/lmdb-linux-arm64": {
      "version": "3.5.4",
      "resolved": "https://registry.npmjs.org/@lmdb/lmdb-linux-arm64/-/lmdb-linux-arm64-3.5.4.tgz",
      "integrity": "sha512-cUXEengO8o60v1SWerJTH4/RH4U3+9jC0/4njp2Z9NdmvaGzhKsbRM2wpXuRYrN8tytsoJCg0SvWEWwHAwLbCA==",
      "cpu": [
        "arm64"
      ],
      "license": "MIT",
      "optional": true,
      "os": [
        "linux"
      ]
    },
    "node_modules/@lmdb/lmdb-linux-x64": {
      "version": "3.5.4",
      "resolved": "https://registry.npmjs.org/@lmdb/lmdb-linux-x64/-/lmdb-linux-x64-3.5.4.tgz",
      "integrity": "sha512-Gxq8jpgOWXwd0PUR+c9R2Ik1/uBnGd5GMIIzRRDqABCkvmjtC3KWcyhesV9jSPCz759isl0NlbsstZ2oyvk8lA==",
      "cpu": [
        "x64"
      ],
      "license": "MIT",
      "optional": true,
      "os": [
        "linux"
      ]
    },
    "node_modules/@lmdb/lmdb-win32-arm64": {
      "version": "3.5.4",
      "resolved": "https://registry.npmjs.org/@lmdb/lmdb-win32-arm64/-/lmdb-win32-arm64-3.5.4.tgz",
      "integrity": "sha512-pKv1DJ1bPZAaHkdFsSz5IDfUG8x9vntgquXF9/Dm2xuupcIe/EkLzylpoBxppFVK5vzbV561Dq26jNY2fIMA7g==",
      "cpu": [
        "arm64"
      ],
      "license": "MIT",
      "optional": true,
      "os": [
        "win32"
      ]
    },
    "node_modules/@lmdb/lmdb-win32-x64": {
      "version": "3.5.4",
      "resolved": "https://registry.npmjs.org/@lmdb/lmdb-win32-x64/-/lmdb-win32-x64-3.5.4.tgz",
      "integrity": "sha512-JF1BmLCm9kGEVZgYmJq43zeQVdHVgAJnTi/NURWEsy6L1ZrrlSmdltS+D17QN4LODwf+1LMXAA9auIZVXtWwzw==",
      "cpu": [
        "x64"
      ],
      "license": "MIT",
      "optional": true,
      "os": [
        "win32"
      ]
    },
    "node_modules/@msgpackr-extract/msgpackr-extract-darwin-arm64": {
      "version": "3.0.3",
      "resolved": "https://registry.npmjs.org/@msgpackr-extract/msgpackr-extract-darwin-arm64/-/msgpackr-extract-darwin-arm64-3.0.3.tgz",
      "integrity": "sha512-QZHtlVgbAdy2zAqNA9Gu1UpIuI8Xvsd1v8ic6B2pZmeFnFcMWiPLfWXh7TVw4eGEZ/C9TH281KwhVoeQUKbyjw==",
      "cpu": [
        "arm64"
      ],
      "license": "MIT",
      "optional": true,
      "os": [
        "darwin"
      ]
    },
    "node_modules/@msgpackr-extract/msgpackr-extract-darwin-x64": {
      "version": "3.0.3",
      "resolved": "https://registry.npmjs.org/@msgpackr-extract/msgpackr-extract-darwin-x64/-/msgpackr-extract-darwin-x64-3.0.3.tgz",
      "integrity": "sha512-mdzd3AVzYKuUmiWOQ8GNhl64/IoFGol569zNRdkLReh6LRLHOXxU4U8eq0JwaD8iFHdVGqSy4IjFL4reoWCDFw==",
      "cpu": [
        "x64"
      ],
      "license": "MIT",
      "optional": true,
      "os": [
        "darwin"
      ]
    },
    "node_modules/@msgpackr-extract/msgpackr-extract-linux-arm": {
      "version": "3.0.3",
      "resolved": "https://registry.npmjs.org/@msgpackr-extract/msgpackr-extract-linux-arm/-/msgpackr-extract-linux-arm-3.0.3.tgz",
      "integrity": "sha512-fg0uy/dG/nZEXfYilKoRe7yALaNmHoYeIoJuJ7KJ+YyU2bvY8vPv27f7UKhGRpY6euFYqEVhxCFZgAUNQBM3nw==",
      "cpu": [
        "arm"
      ],
      "license": "MIT",
      "optional": true,
      "os": [
        "linux"
      ]
    },
    "node_modules/@msgpackr-extract/msgpackr-extract-linux-arm64": {
      "version": "3.0.3",
      "resolved": "https://registry.npmjs.org/@msgpackr-extract/msgpackr-extract-linux-arm64/-/msgpackr-extract-linux-arm64-3.0.3.tgz",
      "integrity": "sha512-YxQL+ax0XqBJDZiKimS2XQaf+2wDGVa1enVRGzEvLLVFeqa5kx2bWbtcSXgsxjQB7nRqqIGFIcLteF/sHeVtQg==",
      "cpu": [
        "arm64"
      ],
      "license": "MIT",
      "optional": true,
      "os": [
        "linux"
      ]
    },
    "node_modules/@msgpackr-extract/msgpackr-extract-linux-x64": {
      "version": "3.0.3",
      "resolved": "https://registry.npmjs.org/@msgpackr-extract/msgpackr-extract-linux-x64/-/msgpackr-extract-linux-x64-3.0.3.tgz",
      "integrity": "sha512-cvwNfbP07pKUfq1uH+S6KJ7dT9K8WOE4ZiAcsrSes+UY55E/0jLYc+vq+DO7jlmqRb5zAggExKm0H7O/CBaesg==",
      "cpu": [
        "x64"
      ],
      "license": "MIT",
      "optional": true,
      "os": [
        "linux"
      ]
    },
    "node_modules/@msgpackr-extract/msgpackr-extract-win32-x64": {
      "version": "3.0.3",
      "resolved": "https://registry.npmjs.org/@msgpackr-extract/msgpackr-extract-win32-x64/-/msgpackr-extract-win32-x64-3.0.3.tgz",
      "integrity": "sha512-x0fWaQtYp4E6sktbsdAqnehxDgEc/VwM7uLsRCYWaiGu0ykYdZPiS8zCWdnjHwyiumousxfBm4SO31eXqwEZhQ==",
      "cpu": [
        "x64"
      ],
      "license": "MIT",
      "optional": true,
      "os": [
        "win32"
      ]
    },
    "node_modules/@noble/hashes": {
      "version": "1.8.0",
      "resolved": "https://registry.npmjs.org/@noble/hashes/-/hashes-1.8.0.tgz",
      "integrity": "sha512-jCs9ldd7NwzpgXDIf6P3+NrHh9/sD6CQdxHyjQI+h/6rDNo88ypBxxz45UDuZHz9r3tNz7N/VInSVoVdtXEI4A==",
      "license": "MIT",
      "engines": {
        "node": "^14.21.3 || >=16"
      },
      "funding": {
        "url": "https://paulmillr.com/funding/"
      }
    },
    "node_modules/@scure/base": {
      "version": "1.2.6",
      "resolved": "https://registry.npmjs.org/@scure/base/-/base-1.2.6.tgz",
      "integrity": "sha512-g/nm5FgUa//MCj1gV09zTJTaM6KBAHqLN907YVQqf7zC49+DcO4B1so4ZX07Ef10Twr6nuqYEH9GEggFXA4Fmg==",
      "license": "MIT",
      "funding": {
        "url": "https://paulmillr.com/funding/"
      }
    },
    "node_modules/base-x": {
      "version": "5.0.1",
      "resolved": "https://registry.npmjs.org/base-x/-/base-x-5.0.1.tgz",
      "integrity": "sha512-M7uio8Zt++eg3jPj+rHMfCC+IuygQHHCOU+IYsVtik6FWjuYpVt/+MRKcgsAMHh8mMFAwnB+Bs+mTrFiXjMzKg==",
      "license": "MIT"
    },
    "node_modules/bech32": {
      "version": "2.0.0",
      "resolved": "https://registry.npmjs.org/bech32/-/bech32-2.0.0.tgz",
      "integrity": "sha512-LcknSilhIGatDAsY1ak2I8VtGaHNhgMSYVxFrGLXv+xLHytaKZKcaUJJUE7qmBr7h33o5YQwP55pMI0xmkpJwg==",
      "license": "MIT"
    },
    "node_modules/bip174": {
      "version": "3.0.0",
      "resolved": "https://registry.npmjs.org/bip174/-/bip174-3.0.0.tgz",
      "integrity": "sha512-N3vz3rqikLEu0d6yQL8GTrSkpYb35NQKWMR7Hlza0lOj6ZOlvQ3Xr7N9Y+JPebaCVoEUHdBeBSuLxcHr71r+Lw==",
      "license": "MIT",
      "dependencies": {
        "uint8array-tools": "^0.0.9",
        "varuint-bitcoin": "^2.0.0"
      },
      "engines": {
        "node": ">=18.0.0"
      }
    },
    "node_modules/bip174/node_modules/uint8array-tools": {
      "version": "0.0.9",
      "resolved": "https://registry.npmjs.org/uint8array-tools/-/uint8array-tools-0.0.9.tgz",
      "integrity": "sha512-9vqDWmoSXOoi+K14zNaf6LBV51Q8MayF0/IiQs3GlygIKUYtog603e6virExkjjFosfJUBI4LhbQK1iq8IG11A==",
      "license": "MIT",
      "engines": {
        "node": ">=14.0.0"
      }
    },
    "node_modules/bip32": {
      "version": "5.0.1",
      "resolved": "https://registry.npmjs.org/bip32/-/bip32-5.0.1.tgz",
      "integrity": "sha512-PWlHIAgYCfVhwqNpZyeakHXuLAGyN6rEQZnhxHxKI3BoFJRVWLl26455fhRlHsmbYcV986HqtPnt33Edu5sTCw==",
      "license": "MIT",
      "dependencies": {
        "@noble/hashes": "^1.2.0",
        "@scure/base": "^1.1.1",
        "uint8array-tools": "^0.0.8",
        "valibot": "^1.2.0",
        "wif": "^5.0.0"
      },
      "engines": {
        "node": ">=18.0.0"
      }
    },
    "node_modules/bip39": {
      "version": "3.1.0",
      "resolved": "https://registry.npmjs.org/bip39/-/bip39-3.1.0.tgz",
      "integrity": "sha512-c9kiwdk45Do5GL0vJMe7tS95VjCii65mYAH7DfWl3uW8AVzXKQVUm64i3hzVybBDMp9r7j9iNxR85+ul8MdN/A==",
      "license": "ISC",
      "dependencies": {
        "@noble/hashes": "^1.2.0"
      }
    },
    "node_modules/bitcoinjs-lib": {
      "version": "7.0.1",
      "resolved": "https://registry.npmjs.org/bitcoinjs-lib/-/bitcoinjs-lib-7.0.1.tgz",
      "integrity": "sha512-vwEmpL5Tpj0I0RBdNkcDMXePoaYSTeKY6mL6/l5esbnTs+jGdPDuLp4NY1hSh6Zk5wSgePygZ4Wx5JJao30Pww==",
      "license": "MIT",
      "dependencies": {
        "@noble/hashes": "^1.2.0",
        "bech32": "^2.0.0",
        "bip174": "^3.0.0",
        "bs58check": "^4.0.0",
        "uint8array-tools": "^0.0.9",
        "valibot": "^1.2.0",
        "varuint-bitcoin": "^2.0.0"
      },
      "engines": {
        "node": ">=18.0.0"
      }
    },
    "node_modules/bitcoinjs-lib/node_modules/uint8array-tools": {
      "version": "0.0.9",
      "resolved": "https://registry.npmjs.org/uint8array-tools/-/uint8array-tools-0.0.9.tgz",
      "integrity": "sha512-9vqDWmoSXOoi+K14zNaf6LBV51Q8MayF0/IiQs3GlygIKUYtog603e6virExkjjFosfJUBI4LhbQK1iq8IG11A==",
      "license": "MIT",
      "engines": {
        "node": ">=14.0.0"
      }
    },
    "node_modules/bs58": {
      "version": "6.0.0",
      "resolved": "https://registry.npmjs.org/bs58/-/bs58-6.0.0.tgz",
      "integrity": "sha512-PD0wEnEYg6ijszw/u8s+iI3H17cTymlrwkKhDhPZq+Sokl3AU4htyBFTjAeNAlCCmg0f53g6ih3jATyCKftTfw==",
      "license": "MIT",
      "dependencies": {
        "base-x": "^5.0.0"
      }
    },
    "node_modules/bs58check": {
      "version": "4.0.0",
      "resolved": "https://registry.npmjs.org/bs58check/-/bs58check-4.0.0.tgz",
      "integrity": "sha512-FsGDOnFg9aVI9erdriULkd/JjEWONV/lQE5aYziB5PoBsXRind56lh8doIZIc9X4HoxT5x4bLjMWN1/NB8Zp5g==",
      "license": "MIT",
      "dependencies": {
        "@noble/hashes": "^1.2.0",
        "bs58": "^6.0.0"
      }
    },
    "node_modules/detect-libc": {
      "version": "2.1.2",
      "resolved": "https://registry.npmjs.org/detect-libc/-/detect-libc-2.1.2.tgz",
      "integrity": "sha512-Btj2BOOO83o3WyH59e8MgXsxEQVcarkUOpEYrubB0urwnN10yQ364rsiByU11nZlqWYZm05i/of7io4mzihBtQ==",
      "license": "Apache-2.0",
      "engines": {
        "node": ">=8"
      }
    },
    "node_modules/lmdb": {
      "version": "3.5.4",
      "resolved": "https://registry.npmjs.org/lmdb/-/lmdb-3.5.4.tgz",
      "integrity": "sha512-9FKQA6G1MMtqNxfxvSBNXD/axeG2QRjYbNh0/ykRL5xYcRbCm2vXq7B9bhc7nSuKdHzr8/BHIwfPuYYH1UsXXw==",
      "hasInstallScript": true,
      "license": "MIT",
      "dependencies": {
        "@harperfast/extended-iterable": "^1.0.3",
        "msgpackr": "^1.11.2",
        "node-addon-api": "^6.1.0",
        "node-gyp-build-optional-packages": "5.2.2",
        "ordered-binary": "^1.5.3",
        "weak-lru-cache": "^1.2.2"
      },
      "bin": {
        "download-lmdb-prebuilds": "bin/download-prebuilds.js"
      },
      "optionalDependencies": {
        "@lmdb/lmdb-darwin-arm64": "3.5.4",
        "@lmdb/lmdb-darwin-x64": "3.5.4",
        "@lmdb/lmdb-linux-arm": "3.5.4",
        "@lmdb/lmdb-linux-arm64": "3.5.4",
        "@lmdb/lmdb-linux-x64": "3.5.4",
        "@lmdb/lmdb-win32-arm64": "3.5.4",
        "@lmdb/lmdb-win32-x64": "3.5.4"
      }
    },
    "node_modules/mersenne-twister": {
      "version": "1.1.0",
      "resolved": "https://registry.npmjs.org/mersenne-twister/-/mersenne-twister-1.1.0.tgz",
      "integrity": "sha512-mUYWsMKNrm4lfygPkL3OfGzOPTR2DBlTkBNHM//F6hGp8cLThY897crAlk3/Jo17LEOOjQUrNAx6DvgO77QJkA==",
      "license": "MIT"
    },
    "node_modules/msgpackr": {
      "version": "1.11.10",
      "resolved": "https://registry.npmjs.org/msgpackr/-/msgpackr-1.11.10.tgz",
      "integrity": "sha512-iCZNq+HszvF+fC3anCm4nBmWEnbeIAfpDs6IStAEKhQ2YSgkjzVG2FF9XJqwwQh5bH3N9OUTUt4QwVN6MLMLtA==",
      "license": "MIT",
      "optionalDependencies": {
        "msgpackr-extract": "^3.0.2"
      }
    },
    "node_modules/msgpackr-extract": {
      "version": "3.0.3",
      "resolved": "https://registry.npmjs.org/msgpackr-extract/-/msgpackr-extract-3.0.3.tgz",
      "integrity": "sha512-P0efT1C9jIdVRefqjzOQ9Xml57zpOXnIuS+csaB4MdZbTdmGDLo8XhzBG1N7aO11gKDDkJvBLULeFTo46wwreA==",
      "hasInstallScript": true,
      "license": "MIT",
      "optional": true,
      "dependencies": {
        "node-gyp-build-optional-packages": "5.2.2"
      },
      "bin": {
        "download-msgpackr-prebuilds": "bin/download-prebuilds.js"
      },
      "optionalDependencies": {
        "@msgpackr-extract/msgpackr-extract-darwin-arm64": "3.0.3",
        "@msgpackr-extract/msgpackr-extract-darwin-x64": "3.0.3",
        "@msgpackr-extract/msgpackr-extract-linux-arm": "3.0.3",
        "@msgpackr-extract/msgpackr-extract-linux-arm64": "3.0.3",
        "@msgpackr-extract/msgpackr-extract-linux-x64": "3.0.3",
        "@msgpackr-extract/msgpackr-extract-win32-x64": "3.0.3"
      }
    },
    "node_modules/nan": {
      "version": "2.26.2",
      "resolved": "https://registry.npmjs.org/nan/-/nan-2.26.2.tgz",
      "integrity": "sha512-0tTvBTYkt3tdGw22nrAy50x7gpbGCCFH3AFcyS5WiUu7Eu4vWlri1woE6qHBSfy11vksDqkiwjOnlR7WV8G1Hw==",
      "license": "MIT"
    },
    "node_modules/node-addon-api": {
      "version": "6.1.0",
      "resolved": "https://registry.npmjs.org/node-addon-api/-/node-addon-api-6.1.0.tgz",
      "integrity": "sha512-+eawOlIgy680F0kBzPUNFhMZGtJ1YmqM6l4+Crf4IkImjYrO/mqPwRMh352g23uIaQKFItcQ64I7KMaJxHgAVA==",
      "license": "MIT"
    },
    "node_modules/node-gyp-build-optional-packages": {
      "version": "5.2.2",
      "resolved": "https://registry.npmjs.org/node-gyp-build-optional-packages/-/node-gyp-build-optional-packages-5.2.2.tgz",
      "integrity": "sha512-s+w+rBWnpTMwSFbaE0UXsRlg7hU4FjekKU4eyAih5T8nJuNZT1nNsskXpxmeqSK9UzkBl6UgRlnKc8hz8IEqOw==",
      "license": "MIT",
      "dependencies": {
        "detect-libc": "^2.0.1"
      },
      "bin": {
        "node-gyp-build-optional-packages": "bin.js",
        "node-gyp-build-optional-packages-optional": "optional.js",
        "node-gyp-build-optional-packages-test": "build-test.js"
      }
    },
    "node_modules/ordered-binary": {
      "version": "1.6.1",
      "resolved": "https://registry.npmjs.org/ordered-binary/-/ordered-binary-1.6.1.tgz",
      "integrity": "sha512-QkCdPooczexPLiXIrbVOPYkR3VO3T6v2OyKRkR1Xbhpy7/LAVXwahnRCgRp78Oe/Ehf0C/HATAxfSr6eA1oX+w==",
      "license": "MIT"
    },
    "node_modules/split2": {
      "version": "4.2.0",
      "resolved": "https://registry.npmjs.org/split2/-/split2-4.2.0.tgz",
      "integrity": "sha512-UcjcJOWknrNkF6PLX83qcHM6KHgVKNkV62Y8a5uYDVv9ydGQVwAHMKqHdJje1VTWpljG0WYpCDhrCdAOYH4TWg==",
      "license": "ISC",
      "engines": {
        "node": ">= 10.x"
      }
    },
    "node_modules/tiny-secp256k1": {
      "version": "2.2.4",
      "resolved": "https://registry.npmjs.org/tiny-secp256k1/-/tiny-secp256k1-2.2.4.tgz",
      "integrity": "sha512-FoDTcToPqZE454Q04hH9o2EhxWsm7pOSpicyHkgTwKhdKWdsTUuqfP5MLq3g+VjAtl2vSx6JpXGdwA2qpYkI0Q==",
      "license": "MIT",
      "dependencies": {
        "uint8array-tools": "0.0.7"
      },
      "engines": {
        "node": ">=14.0.0"
      }
    },
    "node_modules/tiny-secp256k1/node_modules/uint8array-tools": {
      "version": "0.0.7",
      "resolved": "https://registry.npmjs.org/uint8array-tools/-/uint8array-tools-0.0.7.tgz",
      "integrity": "sha512-vrrNZJiusLWoFWBqz5Y5KMCgP9W9hnjZHzZiZRT8oNAkq3d5Z5Oe76jAvVVSRh4U8GGR90N2X1dWtrhvx6L8UQ==",
      "license": "MIT",
      "engines": {
        "node": ">=14.0.0"
      }
    },
    "node_modules/uint8array-tools": {
      "version": "0.0.8",
      "resolved": "https://registry.npmjs.org/uint8array-tools/-/uint8array-tools-0.0.8.tgz",
      "integrity": "sha512-xS6+s8e0Xbx++5/0L+yyexukU7pz//Yg6IHg3BKhXotg1JcYtgxVcUctQ0HxLByiJzpAkNFawz1Nz5Xadzo82g==",
      "license": "MIT",
      "engines": {
        "node": ">=14.0.0"
      }
    },
    "node_modules/valibot": {
      "version": "1.3.1",
      "resolved": "https://registry.npmjs.org/valibot/-/valibot-1.3.1.tgz",
      "integrity": "sha512-sfdRir/QFM0JaF22hqTroPc5xy4DimuGQVKFrzF1YfGwaS1nJot3Y8VqMdLO2Lg27fMzat2yD3pY5PbAYO39Gg==",
      "license": "MIT",
      "peerDependencies": {
        "typescript": ">=5"
      },
      "peerDependenciesMeta": {
        "typescript": {
          "optional": true
        }
      }
    },
    "node_modules/varuint-bitcoin": {
      "version": "2.0.0",
      "resolved": "https://registry.npmjs.org/varuint-bitcoin/-/varuint-bitcoin-2.0.0.tgz",
      "integrity": "sha512-6QZbU/rHO2ZQYpWFDALCDSRsXbAs1VOEmXAxtbtjLtKuMJ/FQ8YbhfxlaiKv5nklci0M6lZtlZyxo9Q+qNnyog==",
      "license": "MIT",
      "dependencies": {
        "uint8array-tools": "^0.0.8"
      }
    },
    "node_modules/weak-lru-cache": {
      "version": "1.2.2",
      "resolved": "https://registry.npmjs.org/weak-lru-cache/-/weak-lru-cache-1.2.2.tgz",
      "integrity": "sha512-DEAoo25RfSYMuTGc9vPJzZcZullwIqRDSI9LOy+fkCJPi6hykCnfKaXTuPBDuXAUcqHXyOgFtHNp/kB2FjYHbw==",
      "license": "MIT"
    },
    "node_modules/wif": {
      "version": "5.0.0",
      "resolved": "https://registry.npmjs.org/wif/-/wif-5.0.0.tgz",
      "integrity": "sha512-iFzrC/9ne740qFbNjTZ2FciSRJlHIXoxqk/Y5EnE08QOXu1WjJyCCswwDTYbohAOEnlCtLaAAQBhyaLRFh2hMA==",
      "license": "MIT",
      "dependencies": {
        "bs58check": "^4.0.0"
      }
    }
  }
}
